{
  "version": 4,
  "terraform_version": "1.4.0",
  "serial": 3,
  "lineage": "acb4a5fd-a1d6-fa61-40b2-7208146ecb1a",
  "outputs": {},
  "resources": [
    {
      "mode": "managed",
      "type": "local_file",
      "name": "pet",
      "provider": "provider[\"registry.terraform.io/hashicorp/local\"]",
      "instances": [
        {
          "schema_version": 0,
          "attributes": {
            "content": "we lvasdasd",
            "content_base64": null,
            "content_base64sha256": "yltGYhtKw414pjiPJ3DYilgWx+oYgwY9WvkTwiFhWWI=",
            "content_base64sha512": "giOj9f2GJMebB9+RFfPusmDMHToqr5chpFMcRtlbAHo1HHPgqKgjeD3ZMH8HU7Y07tEAzl6MYxm7eziuMyrPxw==",
            "content_md5": "4293711110d95fa4d43613d00ddcfb9a",
            "content_sha1": "f55ba9d117e0401618473dd14644f73518cb948e",
            "content_sha256": "ca5b46621b4ac38d78a6388f2770d88a5816c7ea1883063d5af913c221615962",
            "content_sha512": "8223a3f5fd8624c79b07df9115f3eeb260cc1d3a2aaf9721a4531c46d95b007a351c73e0a8a823783dd9307f0753b634eed100ce5e8c6319bb7b38ae332acfc7",
            "directory_permission": "0777",
            "file_permission": "0777",
            "filename": "pets.txt",
            "id": "f55ba9d117e0401618473dd14644f73518cb948e",
            "sensitive_content": null,
            "source": null
          },
          "sensitive_attributes": []
        }
      ]
    }
  ],
  "check_results": null
}
